
Microsoft Visual Studio Solution File, Format Version 12.00
# Visual Studio 15
VisualStudioVersion = 15.0.28307.421
MinimumVisualStudioVersion = 10.0.40219.1
Project("{FAE04EC0-301F-11D3-BF4B-00C04F79EFBC}") = "BookManagement", "BookManagement\BookManagement.csproj", "{EA786DB3-3C5E-41AB-9EA8-EF3E71BCA39A}"
EndProject
Project("{FAE04EC0-301F-11D3-BF4B-00C04F79EFBC}") = "DAL", "DAL\DAL.csproj", "{5A65A9D8-D3E9-4B37-B5B2-DDB738EBFDBF}"
EndProject
Project("{FAE04EC0-301F-11D3-BF4B-00C04F79EFBC}") = "Models", "Models\Models.csproj", "{252075AC-B92A-4EC4-9D28-C378CA658579}"
EndProject
Project("{FAE04EC0-301F-11D3-BF4B-00C04F79EFBC}") = "Common", "Common\Common.csproj", "{8ADD343C-C4F1-4D0F-BB54-91D5AC33EC75}"
EndProject
Project("{FAE04EC0-301F-11D3-BF4B-00C04F79EFBC}") = "DBUtility", "DBUtility\DBUtility.csproj", "{DA08BBF5-D601-42F5-AE29-5647A54C586A}"
EndProject
Global
	GlobalSection(SolutionConfigurationPlatforms) = preSolution
		Debug|Any CPU = Debug|Any CPU
		Release|Any CPU = Release|Any CPU
	EndGlobalSection
	GlobalSection(ProjectConfigurationPlatforms) = postSolution
		{EA786DB3-3C5E-41AB-9EA8-EF3E71BCA39A}.Debug|Any CPU.ActiveCfg = Debug|Any CPU
		{EA786DB3-3C5E-41AB-9EA8-EF3E71BCA39A}.Debug|Any CPU.Build.0 = Debug|Any CPU
		{EA786DB3-3C5E-41AB-9EA8-EF3E71BCA39A}.Release|Any CPU.ActiveCfg = Release|Any CPU
		{EA786DB3-3C5E-41AB-9EA8-EF3E71BCA39A}.Release|Any CPU.Build.0 = Release|Any CPU
		{5A65A9D8-D3E9-4B37-B5B2-DDB738EBFDBF}.Debug|Any CPU.ActiveCfg = Debug|Any CPU
		{5A65A9D8-D3E9-4B37-B5B2-DDB738EBFDBF}.Debug|Any CPU.Build.0 = Debug|Any CPU
		{5A65A9D8-D3E9-4B37-B5B2-DDB738EBFDBF}.Release|Any CPU.ActiveCfg = Release|Any CPU
		{5A65A9D8-D3E9-4B37-B5B2-DDB738EBFDBF}.Release|Any CPU.Build.0 = Release|Any CPU
		{252075AC-B92A-4EC4-9D28-C378CA658579}.Debug|Any CPU.ActiveCfg = Debug|Any CPU
		{252075AC-B92A-4EC4-9D28-C378CA658579}.Debug|Any CPU.Build.0 = Debug|Any CPU
		{252075AC-B92A-4EC4-9D28-C378CA658579}.Release|Any CPU.ActiveCfg = Release|Any CPU
		{252075AC-B92A-4EC4-9D28-C378CA658579}.Release|Any CPU.Build.0 = Release|Any CPU
		{8ADD343C-C4F1-4D0F-BB54-91D5AC33EC75}.Debug|Any CPU.ActiveCfg = Debug|Any CPU
		{8ADD343C-C4F1-4D0F-BB54-91D5AC33EC75}.Debug|Any CPU.Build.0 = Debug|Any CPU
		{8ADD343C-C4F1-4D0F-BB54-91D5AC33EC75}.Release|Any CPU.ActiveCfg = Release|Any CPU
		{8ADD343C-C4F1-4D0F-BB54-91D5AC33EC75}.Release|Any CPU.Build.0 = Release|Any CPU
		{DA08BBF5-D601-42F5-AE29-5647A54C586A}.Debug|Any CPU.ActiveCfg = Debug|Any CPU
		{DA08BBF5-D601-42F5-AE29-5647A54C586A}.Debug|Any CPU.Build.0 = Debug|Any CPU
		{DA08BBF5-D601-42F5-AE29-5647A54C586A}.Release|Any CPU.ActiveCfg = Release|Any CPU
		{DA08BBF5-D601-42F5-AE29-5647A54C586A}.Release|Any CPU.Build.0 = Release|Any CPU
	EndGlobalSection
	GlobalSection(SolutionProperties) = preSolution
		HideSolutionNode = FALSE
	EndGlobalSection
	GlobalSection(ExtensibilityGlobals) = postSolution
		SolutionGuid = {4CA812E3-C5AF-48D9-93BD-1DAB6AB1408E}
	EndGlobalSection
EndGlobal
